
Microsoft Visual Studio Solution File, Format Version 12.00
# Visual Studio 15
VisualStudioVersion = 15.0.33801.198
MinimumVisualStudioVersion = 10.0.40219.1
Project("{FAE04EC0-301F-11D3-BF4B-00C04F79EFBC}") = "SimpleProject", "SimpleProject\SimpleProject.csproj", "{13577B85-02B2-4C9C-B6CB-83B63A626355}"
EndProject
Project("{FAE04EC0-301F-11D3-BF4B-00C04F79EFBC}") = "BaseProject", "ConsoleApp1\BaseProject.csproj", "{7CF0EE94-1A7B-425F-AB43-09B216BAFB98}"
EndProject
Project("{FAE04EC0-301F-11D3-BF4B-00C04F79EFBC}") = "HideProject", "HideProject\HideProject.csproj", "{3CEA4A36-A086-48A9-BA06-11D40190FFF6}"
EndProject
Project("{FAE04EC0-301F-11D3-BF4B-00C04F79EFBC}") = "SealedProject", "SealedProject\SealedProject.csproj", "{B6DCCE73-66BC-4232-B1C0-729218388388}"
EndProject
Global
	GlobalSection(SolutionConfigurationPlatforms) = preSolution
		Debug|Any CPU = Debug|Any CPU
		Release|Any CPU = Release|Any CPU
	EndGlobalSection
	GlobalSection(ProjectConfigurationPlatforms) = postSolution
		{13577B85-02B2-4C9C-B6CB-83B63A626355}.Debug|Any CPU.ActiveCfg = Debug|Any CPU
		{13577B85-02B2-4C9C-B6CB-83B63A626355}.Debug|Any CPU.Build.0 = Debug|Any CPU
		{13577B85-02B2-4C9C-B6CB-83B63A626355}.Release|Any CPU.ActiveCfg = Release|Any CPU
		{13577B85-02B2-4C9C-B6CB-83B63A626355}.Release|Any CPU.Build.0 = Release|Any CPU
		{7CF0EE94-1A7B-425F-AB43-09B216BAFB98}.Debug|Any CPU.ActiveCfg = Debug|Any CPU
		{7CF0EE94-1A7B-425F-AB43-09B216BAFB98}.Debug|Any CPU.Build.0 = Debug|Any CPU
		{7CF0EE94-1A7B-425F-AB43-09B216BAFB98}.Release|Any CPU.ActiveCfg = Release|Any CPU
		{7CF0EE94-1A7B-425F-AB43-09B216BAFB98}.Release|Any CPU.Build.0 = Release|Any CPU
		{3CEA4A36-A086-48A9-BA06-11D40190FFF6}.Debug|Any CPU.ActiveCfg = Debug|Any CPU
		{3CEA4A36-A086-48A9-BA06-11D40190FFF6}.Debug|Any CPU.Build.0 = Debug|Any CPU
		{3CEA4A36-A086-48A9-BA06-11D40190FFF6}.Release|Any CPU.ActiveCfg = Release|Any CPU
		{3CEA4A36-A086-48A9-BA06-11D40190FFF6}.Release|Any CPU.Build.0 = Release|Any CPU
		{B6DCCE73-66BC-4232-B1C0-729218388388}.Debug|Any CPU.ActiveCfg = Debug|Any CPU
		{B6DCCE73-66BC-4232-B1C0-729218388388}.Debug|Any CPU.Build.0 = Debug|Any CPU
		{B6DCCE73-66BC-4232-B1C0-729218388388}.Release|Any CPU.ActiveCfg = Release|Any CPU
		{B6DCCE73-66BC-4232-B1C0-729218388388}.Release|Any CPU.Build.0 = Release|Any CPU
	EndGlobalSection
	GlobalSection(SolutionProperties) = preSolution
		HideSolutionNode = FALSE
	EndGlobalSection
	GlobalSection(ExtensibilityGlobals) = postSolution
		SolutionGuid = {342CF187-9122-4B96-8365-2938852B1E02}
	EndGlobalSection
EndGlobal
